
Microsoft Visual Studio Solution File, Format Version 12.00
# Visual Studio 15
VisualStudioVersion = 15.0.28307.902
MinimumVisualStudioVersion = 10.0.40219.1
Project("{FAE04EC0-301F-11D3-BF4B-00C04F79EFBC}") = "Bachata Breakdown", "Bachata Breakdown\Bachata Breakdown.csproj", "{896A18C9-4A0D-4A44-9733-3AF6B91F30A3}"
EndProject
Global
	GlobalSection(SolutionConfigurationPlatforms) = preSolution
		Debug|Any CPU = Debug|Any CPU
		Release|Any CPU = Release|Any CPU
	EndGlobalSection
	GlobalSection(ProjectConfigurationPlatforms) = postSolution
		{896A18C9-4A0D-4A44-9733-3AF6B91F30A3}.Debug|Any CPU.ActiveCfg = Debug|Any CPU
		{896A18C9-4A0D-4A44-9733-3AF6B91F30A3}.Debug|Any CPU.Build.0 = Debug|Any CPU
		{896A18C9-4A0D-4A44-9733-3AF6B91F30A3}.Release|Any CPU.ActiveCfg = Release|Any CPU
		{896A18C9-4A0D-4A44-9733-3AF6B91F30A3}.Release|Any CPU.Build.0 = Release|Any CPU
	EndGlobalSection
	GlobalSection(SolutionProperties) = preSolution
		HideSolutionNode = FALSE
	EndGlobalSection
	GlobalSection(ExtensibilityGlobals) = postSolution
		SolutionGuid = {486D88AB-47B5-4433-9B94-CB35C612B8E7}
	EndGlobalSection
EndGlobal
